
Microsoft Visual Studio Solution File, Format Version 12.00
# Visual Studio Version 17
VisualStudioVersion = 17.8.34322.80
MinimumVisualStudioVersion = 10.0.40219.1
Project("{9A19103F-16F7-4668-BE54-9A1E7A4F7556}") = "SchoolProject.Api", "SchoolProject.Api\SchoolProject.Api.csproj", "{03BEE2B4-5F7F-4CFC-9FC3-913DF549950A}"
EndProject
Project("{9A19103F-16F7-4668-BE54-9A1E7A4F7556}") = "SchoolProject.Data", "SchoolProject.Data\SchoolProject.Data.csproj", "{16BCA4D3-FB93-4E2F-BA7F-E43225FA04C6}"
EndProject
Project("{9A19103F-16F7-4668-BE54-9A1E7A4F7556}") = "SchoolProject.Infrastructure", "SchoolProject.Infrastructure\SchoolProject.Infrastructure.csproj", "{9D310022-ABCD-48E7-9774-90FC93B18DC3}"
EndProject
Project("{9A19103F-16F7-4668-BE54-9A1E7A4F7556}") = "SchoolProject.Service", "SchoolProject.Service\SchoolProject.Service.csproj", "{1F08643F-B171-412D-97A6-798FFD30BBD9}"
EndProject
Project("{9A19103F-16F7-4668-BE54-9A1E7A4F7556}") = "SchoolProject.Core", "SchoolProject.Core\SchoolProject.Core.csproj", "{F339DEA2-BAC4-4361-91EE-568798919851}"
EndProject
Project("{FAE04EC0-301F-11D3-BF4B-00C04F79EFBC}") = "SchoolProject.XUnitTest", "SchoolProject.XUnitTest\SchoolProject.XUnitTest.csproj", "{F5C6F386-D23D-4365-A0AE-55ECC23EAF60}"
EndProject
Global
	GlobalSection(SolutionConfigurationPlatforms) = preSolution
		Debug|Any CPU = Debug|Any CPU
		Release|Any CPU = Release|Any CPU
	EndGlobalSection
	GlobalSection(ProjectConfigurationPlatforms) = postSolution
		{03BEE2B4-5F7F-4CFC-9FC3-913DF549950A}.Debug|Any CPU.ActiveCfg = Debug|Any CPU
		{03BEE2B4-5F7F-4CFC-9FC3-913DF549950A}.Debug|Any CPU.Build.0 = Debug|Any CPU
		{03BEE2B4-5F7F-4CFC-9FC3-913DF549950A}.Release|Any CPU.ActiveCfg = Release|Any CPU
		{03BEE2B4-5F7F-4CFC-9FC3-913DF549950A}.Release|Any CPU.Build.0 = Release|Any CPU
		{16BCA4D3-FB93-4E2F-BA7F-E43225FA04C6}.Debug|Any CPU.ActiveCfg = Debug|Any CPU
		{16BCA4D3-FB93-4E2F-BA7F-E43225FA04C6}.Debug|Any CPU.Build.0 = Debug|Any CPU
		{16BCA4D3-FB93-4E2F-BA7F-E43225FA04C6}.Release|Any CPU.ActiveCfg = Release|Any CPU
		{16BCA4D3-FB93-4E2F-BA7F-E43225FA04C6}.Release|Any CPU.Build.0 = Release|Any CPU
		{9D310022-ABCD-48E7-9774-90FC93B18DC3}.Debug|Any CPU.ActiveCfg = Debug|Any CPU
		{9D310022-ABCD-48E7-9774-90FC93B18DC3}.Debug|Any CPU.Build.0 = Debug|Any CPU
		{9D310022-ABCD-48E7-9774-90FC93B18DC3}.Release|Any CPU.ActiveCfg = Release|Any CPU
		{9D310022-ABCD-48E7-9774-90FC93B18DC3}.Release|Any CPU.Build.0 = Release|Any CPU
		{1F08643F-B171-412D-97A6-798FFD30BBD9}.Debug|Any CPU.ActiveCfg = Debug|Any CPU
		{1F08643F-B171-412D-97A6-798FFD30BBD9}.Debug|Any CPU.Build.0 = Debug|Any CPU
		{1F08643F-B171-412D-97A6-798FFD30BBD9}.Release|Any CPU.ActiveCfg = Release|Any CPU
		{1F08643F-B171-412D-97A6-798FFD30BBD9}.Release|Any CPU.Build.0 = Release|Any CPU
		{F339DEA2-BAC4-4361-91EE-568798919851}.Debug|Any CPU.ActiveCfg = Debug|Any CPU
		{F339DEA2-BAC4-4361-91EE-568798919851}.Debug|Any CPU.Build.0 = Debug|Any CPU
		{F339DEA2-BAC4-4361-91EE-568798919851}.Release|Any CPU.ActiveCfg = Release|Any CPU
		{F339DEA2-BAC4-4361-91EE-568798919851}.Release|Any CPU.Build.0 = Release|Any CPU
		{F5C6F386-D23D-4365-A0AE-55ECC23EAF60}.Debug|Any CPU.ActiveCfg = Debug|Any CPU
		{F5C6F386-D23D-4365-A0AE-55ECC23EAF60}.Debug|Any CPU.Build.0 = Debug|Any CPU
		{F5C6F386-D23D-4365-A0AE-55ECC23EAF60}.Release|Any CPU.ActiveCfg = Release|Any CPU
		{F5C6F386-D23D-4365-A0AE-55ECC23EAF60}.Release|Any CPU.Build.0 = Release|Any CPU
	EndGlobalSection
	GlobalSection(SolutionProperties) = preSolution
		HideSolutionNode = FALSE
	EndGlobalSection
	GlobalSection(ExtensibilityGlobals) = postSolution
		SolutionGuid = {86FAFB6C-9018-48CD-A43D-F78D4572ED0B}
	EndGlobalSection
EndGlobal
